// !$*UTF8*$!
{
	archiveVersion = 1;
	classes = {
	};
	objectVersion = 50;
	objects = {

/* Begin PBXBuildFile section */
		8E63A675261FE1010078BA4C /* 98.validate-binary-search-tree.swift in Sources */ = {isa = PBXBuildFile; fileRef = 8E63A674261FE1010078BA4C /* 98.validate-binary-search-tree.swift */; };
		8E63A67826214EC40078BA4C /* 235.lowest-common-ancestor-of-a-binary-search-tree.swift in Sources */ = {isa = PBXBuildFile; fileRef = 8E63A67726214EC40078BA4C /* 235.lowest-common-ancestor-of-a-binary-search-tree.swift */; };
		8E63A67B2621926A0078BA4C /* 236.lowest-common-ancestor-of-a-binary-tree.swift in Sources */ = {isa = PBXBuildFile; fileRef = 8E63A67A2621926A0078BA4C /* 236.lowest-common-ancestor-of-a-binary-tree.swift */; };
		8E63A67F2622706B0078BA4C /* 50.powx-n.swift in Sources */ = {isa = PBXBuildFile; fileRef = 8E63A67E2622706B0078BA4C /* 50.powx-n.swift */; };
		8E63A6832622C9AF0078BA4C /* 169.majority-element.swift in Sources */ = {isa = PBXBuildFile; fileRef = 8E63A6822622C9AF0078BA4C /* 169.majority-element.swift */; };
		8E63A6872622D9120078BA4C /* 53.maximum-subarray.swift in Sources */ = {isa = PBXBuildFile; fileRef = 8E63A6862622D9120078BA4C /* 53.maximum-subarray.swift */; };
		8E63A68B2623A3940078BA4C /* 438.find-all-anagrams-in-a-string.swift in Sources */ = {isa = PBXBuildFile; fileRef = 8E63A68A2623A3940078BA4C /* 438.find-all-anagrams-in-a-string.swift */; };
		8EB8A53A2617838E001408FD /* main.swift in Sources */ = {isa = PBXBuildFile; fileRef = 8EB8A5392617838E001408FD /* main.swift */; };
		8EB8A542261783B7001408FD /* 1.tow-sum.swift in Sources */ = {isa = PBXBuildFile; fileRef = 8EB8A541261783B7001408FD /* 1.tow-sum.swift */; };
		8EB8A54526178459001408FD /* 206.reverse-linked-list.swift in Sources */ = {isa = PBXBuildFile; fileRef = 8EB8A54426178459001408FD /* 206.reverse-linked-list.swift */; };
		8EB8A54826178470001408FD /* commonStructure.swift in Sources */ = {isa = PBXBuildFile; fileRef = 8EB8A54726178470001408FD /* commonStructure.swift */; };
		8EB8A54B2617849E001408FD /* commonMethods.swift in Sources */ = {isa = PBXBuildFile; fileRef = 8EB8A54A2617849E001408FD /* commonMethods.swift */; };
		8EB8A54F261801AE001408FD /* 141.linked-list-cycle.swift in Sources */ = {isa = PBXBuildFile; fileRef = 8EB8A54E261801AE001408FD /* 141.linked-list-cycle.swift */; };
		8EB8A55626180BA9001408FD /* 24.swap-nodes-in-pairs.swift in Sources */ = {isa = PBXBuildFile; fileRef = 8EB8A55526180BA9001408FD /* 24.swap-nodes-in-pairs.swift */; };
		8EB8A55A26181CC9001408FD /* 142.linked-list-cycle-ii.swift in Sources */ = {isa = PBXBuildFile; fileRef = 8EB8A55926181CC9001408FD /* 142.linked-list-cycle-ii.swift */; };
		8EB8A55D261938F7001408FD /* 25.reverse-nodes-in-k-group.swift in Sources */ = {isa = PBXBuildFile; fileRef = 8EB8A55C261938F7001408FD /* 25.reverse-nodes-in-k-group.swift */; };
		8EB8A56126195C0B001408FD /* 232.implement-queue-using-stacks.swift in Sources */ = {isa = PBXBuildFile; fileRef = 8EB8A56026195C0B001408FD /* 232.implement-queue-using-stacks.swift */; };
		8EB8A56526198CD3001408FD /* 225.implement-stack-using-queues.swift in Sources */ = {isa = PBXBuildFile; fileRef = 8EB8A56426198CD3001408FD /* 225.implement-stack-using-queues.swift */; };
		8EB8A56926199380001408FD /* 20.valid-parentheses.swift in Sources */ = {isa = PBXBuildFile; fileRef = 8EB8A56826199380001408FD /* 20.valid-parentheses.swift */; };
		8EB8A56D261BDACE001408FD /* 703.kth-largest-element-in-a-stream.swift in Sources */ = {isa = PBXBuildFile; fileRef = 8EB8A56C261BDACE001408FD /* 703.kth-largest-element-in-a-stream.swift */; };
		8EB8A571261BE648001408FD /* [x]239.sliding-window-maximum.swift in Sources */ = {isa = PBXBuildFile; fileRef = 8EB8A570261BE648001408FD /* [x]239.sliding-window-maximum.swift */; };
		8EB8A576261DF8E2001408FD /* 242.valid-anagram.swift in Sources */ = {isa = PBXBuildFile; fileRef = 8EB8A575261DF8E2001408FD /* 242.valid-anagram.swift */; };
		8EB8A579261E00F5001408FD /* 15.3sum.swift in Sources */ = {isa = PBXBuildFile; fileRef = 8EB8A578261E00F5001408FD /* 15.3sum.swift */; };
		8EB8A57C261F4E6F001408FD /* 18.4sum.swift in Sources */ = {isa = PBXBuildFile; fileRef = 8EB8A57B261F4E6F001408FD /* 18.4sum.swift */; };
		8EB8A57F261F558D001408FD /* 49.group-anagrams.swift in Sources */ = {isa = PBXBuildFile; fileRef = 8EB8A57E261F558D001408FD /* 49.group-anagrams.swift */; };
/* End PBXBuildFile section */

/* Begin PBXCopyFilesBuildPhase section */
		8EB8A5342617838E001408FD /* CopyFiles */ = {
			isa = PBXCopyFilesBuildPhase;
			buildActionMask = 2147483647;
			dstPath = /usr/share/man/man1/;
			dstSubfolderSpec = 0;
			files = (
			);
			runOnlyForDeploymentPostprocessing = 1;
		};
/* End PBXCopyFilesBuildPhase section */

/* Begin PBXFileReference section */
		8E63A674261FE1010078BA4C /* 98.validate-binary-search-tree.swift */ = {isa = PBXFileReference; lastKnownFileType = sourcecode.swift; path = "98.validate-binary-search-tree.swift"; sourceTree = "<group>"; };
		8E63A67726214EC40078BA4C /* 235.lowest-common-ancestor-of-a-binary-search-tree.swift */ = {isa = PBXFileReference; lastKnownFileType = sourcecode.swift; path = "235.lowest-common-ancestor-of-a-binary-search-tree.swift"; sourceTree = "<group>"; };
		8E63A67A2621926A0078BA4C /* 236.lowest-common-ancestor-of-a-binary-tree.swift */ = {isa = PBXFileReference; lastKnownFileType = sourcecode.swift; path = "236.lowest-common-ancestor-of-a-binary-tree.swift"; sourceTree = "<group>"; };
		8E63A67E2622706B0078BA4C /* 50.powx-n.swift */ = {isa = PBXFileReference; lastKnownFileType = sourcecode.swift; path = "50.powx-n.swift"; sourceTree = "<group>"; };
		8E63A6822622C9AF0078BA4C /* 169.majority-element.swift */ = {isa = PBXFileReference; lastKnownFileType = sourcecode.swift; path = "169.majority-element.swift"; sourceTree = "<group>"; };
		8E63A6862622D9120078BA4C /* 53.maximum-subarray.swift */ = {isa = PBXFileReference; lastKnownFileType = sourcecode.swift; path = "53.maximum-subarray.swift"; sourceTree = "<group>"; };
		8E63A68A2623A3940078BA4C /* 438.find-all-anagrams-in-a-string.swift */ = {isa = PBXFileReference; lastKnownFileType = sourcecode.swift; path = "438.find-all-anagrams-in-a-string.swift"; sourceTree = "<group>"; };
		8EB8A5362617838E001408FD /* Leetcode-Swift */ = {isa = PBXFileReference; explicitFileType = "compiled.mach-o.executable"; includeInIndex = 0; path = "Leetcode-Swift"; sourceTree = BUILT_PRODUCTS_DIR; };
		8EB8A5392617838E001408FD /* main.swift */ = {isa = PBXFileReference; lastKnownFileType = sourcecode.swift; path = main.swift; sourceTree = "<group>"; };
		8EB8A541261783B7001408FD /* 1.tow-sum.swift */ = {isa = PBXFileReference; lastKnownFileType = sourcecode.swift; path = "1.tow-sum.swift"; sourceTree = "<group>"; };
		8EB8A54426178459001408FD /* 206.reverse-linked-list.swift */ = {isa = PBXFileReference; lastKnownFileType = sourcecode.swift; path = "206.reverse-linked-list.swift"; sourceTree = "<group>"; };
		8EB8A54726178470001408FD /* commonStructure.swift */ = {isa = PBXFileReference; lastKnownFileType = sourcecode.swift; path = commonStructure.swift; sourceTree = "<group>"; };
		8EB8A54A2617849E001408FD /* commonMethods.swift */ = {isa = PBXFileReference; lastKnownFileType = sourcecode.swift; path = commonMethods.swift; sourceTree = "<group>"; };
		8EB8A54E261801AE001408FD /* 141.linked-list-cycle.swift */ = {isa = PBXFileReference; lastKnownFileType = sourcecode.swift; path = "141.linked-list-cycle.swift"; sourceTree = "<group>"; };
		8EB8A55526180BA9001408FD /* 24.swap-nodes-in-pairs.swift */ = {isa = PBXFileReference; fileEncoding = 4; lastKnownFileType = sourcecode.swift; path = "24.swap-nodes-in-pairs.swift"; sourceTree = "<group>"; };
		8EB8A55926181CC9001408FD /* 142.linked-list-cycle-ii.swift */ = {isa = PBXFileReference; lastKnownFileType = sourcecode.swift; path = "142.linked-list-cycle-ii.swift"; sourceTree = "<group>"; };
		8EB8A55C261938F7001408FD /* 25.reverse-nodes-in-k-group.swift */ = {isa = PBXFileReference; lastKnownFileType = sourcecode.swift; path = "25.reverse-nodes-in-k-group.swift"; sourceTree = "<group>"; };
		8EB8A56026195C0B001408FD /* 232.implement-queue-using-stacks.swift */ = {isa = PBXFileReference; lastKnownFileType = sourcecode.swift; path = "232.implement-queue-using-stacks.swift"; sourceTree = "<group>"; };
		8EB8A56426198CD3001408FD /* 225.implement-stack-using-queues.swift */ = {isa = PBXFileReference; lastKnownFileType = sourcecode.swift; path = "225.implement-stack-using-queues.swift"; sourceTree = "<group>"; };
		8EB8A56826199380001408FD /* 20.valid-parentheses.swift */ = {isa = PBXFileReference; lastKnownFileType = sourcecode.swift; path = "20.valid-parentheses.swift"; sourceTree = "<group>"; };
		8EB8A56C261BDACE001408FD /* 703.kth-largest-element-in-a-stream.swift */ = {isa = PBXFileReference; lastKnownFileType = sourcecode.swift; path = "703.kth-largest-element-in-a-stream.swift"; sourceTree = "<group>"; };
		8EB8A570261BE648001408FD /* [x]239.sliding-window-maximum.swift */ = {isa = PBXFileReference; lastKnownFileType = sourcecode.swift; path = "[x]239.sliding-window-maximum.swift"; sourceTree = "<group>"; };
		8EB8A575261DF8E2001408FD /* 242.valid-anagram.swift */ = {isa = PBXFileReference; lastKnownFileType = sourcecode.swift; path = "242.valid-anagram.swift"; sourceTree = "<group>"; };
		8EB8A578261E00F5001408FD /* 15.3sum.swift */ = {isa = PBXFileReference; lastKnownFileType = sourcecode.swift; path = 15.3sum.swift; sourceTree = "<group>"; };
		8EB8A57B261F4E6F001408FD /* 18.4sum.swift */ = {isa = PBXFileReference; lastKnownFileType = sourcecode.swift; path = 18.4sum.swift; sourceTree = "<group>"; };
		8EB8A57E261F558D001408FD /* 49.group-anagrams.swift */ = {isa = PBXFileReference; lastKnownFileType = sourcecode.swift; path = "49.group-anagrams.swift"; sourceTree = "<group>"; };
/* End PBXFileReference section */

/* Begin PBXFrameworksBuildPhase section */
		8EB8A5332617838E001408FD /* Frameworks */ = {
			isa = PBXFrameworksBuildPhase;
			buildActionMask = 2147483647;
			files = (
			);
			runOnlyForDeploymentPostprocessing = 0;
		};
/* End PBXFrameworksBuildPhase section */

/* Begin PBXGroup section */
		8EB8A52D2617838E001408FD = {
			isa = PBXGroup;
			children = (
				8EB8A5382617838E001408FD /* Leetcode-Swift */,
				8EB8A5372617838E001408FD /* Products */,
			);
			sourceTree = "<group>";
		};
		8EB8A5372617838E001408FD /* Products */ = {
			isa = PBXGroup;
			children = (
				8EB8A5362617838E001408FD /* Leetcode-Swift */,
			);
			name = Products;
			sourceTree = "<group>";
		};
		8EB8A5382617838E001408FD /* Leetcode-Swift */ = {
			isa = PBXGroup;
			children = (
				8EB8A55F2619554A001408FD /* leetcode */,
				8EB8A54A2617849E001408FD /* commonMethods.swift */,
				8EB8A54726178470001408FD /* commonStructure.swift */,
				8EB8A5392617838E001408FD /* main.swift */,
			);
			path = "Leetcode-Swift";
			sourceTree = "<group>";
		};
		8EB8A55F2619554A001408FD /* leetcode */ = {
			isa = PBXGroup;
			children = (
				8EB8A570261BE648001408FD /* [x]239.sliding-window-maximum.swift */,
				8EB8A541261783B7001408FD /* 1.tow-sum.swift */,
				8EB8A578261E00F5001408FD /* 15.3sum.swift */,
				8EB8A57B261F4E6F001408FD /* 18.4sum.swift */,
				8EB8A56826199380001408FD /* 20.valid-parentheses.swift */,
				8EB8A55526180BA9001408FD /* 24.swap-nodes-in-pairs.swift */,
				8EB8A55C261938F7001408FD /* 25.reverse-nodes-in-k-group.swift */,
				8EB8A57E261F558D001408FD /* 49.group-anagrams.swift */,
				8E63A67E2622706B0078BA4C /* 50.powx-n.swift */,
				8E63A6862622D9120078BA4C /* 53.maximum-subarray.swift */,
				8E63A674261FE1010078BA4C /* 98.validate-binary-search-tree.swift */,
				8EB8A54E261801AE001408FD /* 141.linked-list-cycle.swift */,
				8EB8A55926181CC9001408FD /* 142.linked-list-cycle-ii.swift */,
				8E63A6822622C9AF0078BA4C /* 169.majority-element.swift */,
				8EB8A54426178459001408FD /* 206.reverse-linked-list.swift */,
				8EB8A56426198CD3001408FD /* 225.implement-stack-using-queues.swift */,
				8EB8A56026195C0B001408FD /* 232.implement-queue-using-stacks.swift */,
				8E63A67726214EC40078BA4C /* 235.lowest-common-ancestor-of-a-binary-search-tree.swift */,
				8E63A67A2621926A0078BA4C /* 236.lowest-common-ancestor-of-a-binary-tree.swift */,
				8EB8A575261DF8E2001408FD /* 242.valid-anagram.swift */,
				8EB8A56C261BDACE001408FD /* 703.kth-largest-element-in-a-stream.swift */,
				8E63A68A2623A3940078BA4C /* 438.find-all-anagrams-in-a-string.swift */,
			);
			path = leetcode;
			sourceTree = "<group>";
		};
/* End PBXGroup section */

/* Begin PBXNativeTarget section */
		8EB8A5352617838E001408FD /* Leetcode-Swift */ = {
			isa = PBXNativeTarget;
			buildConfigurationList = 8EB8A53D2617838E001408FD /* Build configuration list for PBXNativeTarget "Leetcode-Swift" */;
			buildPhases = (
				8EB8A5322617838E001408FD /* Sources */,
				8EB8A5332617838E001408FD /* Frameworks */,
				8EB8A5342617838E001408FD /* CopyFiles */,
			);
			buildRules = (
			);
			dependencies = (
			);
			name = "Leetcode-Swift";
			productName = "Leetcode-Swift";
			productReference = 8EB8A5362617838E001408FD /* Leetcode-Swift */;
			productType = "com.apple.product-type.tool";
		};
/* End PBXNativeTarget section */

/* Begin PBXProject section */
		8EB8A52E2617838E001408FD /* Project object */ = {
			isa = PBXProject;
			attributes = {
				LastSwiftUpdateCheck = 1240;
				LastUpgradeCheck = 1240;
				TargetAttributes = {
					8EB8A5352617838E001408FD = {
						CreatedOnToolsVersion = 12.4;
					};
				};
			};
			buildConfigurationList = 8EB8A5312617838E001408FD /* Build configuration list for PBXProject "Leetcode-Swift" */;
			compatibilityVersion = "Xcode 9.3";
			developmentRegion = en;
			hasScannedForEncodings = 0;
			knownRegions = (
				en,
				Base,
			);
			mainGroup = 8EB8A52D2617838E001408FD;
			productRefGroup = 8EB8A5372617838E001408FD /* Products */;
			projectDirPath = "";
			projectRoot = "";
			targets = (
				8EB8A5352617838E001408FD /* Leetcode-Swift */,
			);
		};
/* End PBXProject section */

/* Begin PBXSourcesBuildPhase section */
		8EB8A5322617838E001408FD /* Sources */ = {
			isa = PBXSourcesBuildPhase;
			buildActionMask = 2147483647;
			files = (
				8EB8A56926199380001408FD /* 20.valid-parentheses.swift in Sources */,
				8EB8A53A2617838E001408FD /* main.swift in Sources */,
				8EB8A54526178459001408FD /* 206.reverse-linked-list.swift in Sources */,
				8EB8A56D261BDACE001408FD /* 703.kth-largest-element-in-a-stream.swift in Sources */,
				8EB8A579261E00F5001408FD /* 15.3sum.swift in Sources */,
				8EB8A56126195C0B001408FD /* 232.implement-queue-using-stacks.swift in Sources */,
				8E63A67F2622706B0078BA4C /* 50.powx-n.swift in Sources */,
				8EB8A55A26181CC9001408FD /* 142.linked-list-cycle-ii.swift in Sources */,
				8EB8A571261BE648001408FD /* [x]239.sliding-window-maximum.swift in Sources */,
				8EB8A56526198CD3001408FD /* 225.implement-stack-using-queues.swift in Sources */,
				8E63A67826214EC40078BA4C /* 235.lowest-common-ancestor-of-a-binary-search-tree.swift in Sources */,
				8E63A6832622C9AF0078BA4C /* 169.majority-element.swift in Sources */,
				8EB8A55D261938F7001408FD /* 25.reverse-nodes-in-k-group.swift in Sources */,
				8EB8A54826178470001408FD /* commonStructure.swift in Sources */,
				8E63A67B2621926A0078BA4C /* 236.lowest-common-ancestor-of-a-binary-tree.swift in Sources */,
				8EB8A542261783B7001408FD /* 1.tow-sum.swift in Sources */,
				8E63A68B2623A3940078BA4C /* 438.find-all-anagrams-in-a-string.swift in Sources */,
				8EB8A55626180BA9001408FD /* 24.swap-nodes-in-pairs.swift in Sources */,
				8EB8A576261DF8E2001408FD /* 242.valid-anagram.swift in Sources */,
				8EB8A54B2617849E001408FD /* commonMethods.swift in Sources */,
				8EB8A57F261F558D001408FD /* 49.group-anagrams.swift in Sources */,
				8EB8A57C261F4E6F001408FD /* 18.4sum.swift in Sources */,
				8EB8A54F261801AE001408FD /* 141.linked-list-cycle.swift in Sources */,
				8E63A6872622D9120078BA4C /* 53.maximum-subarray.swift in Sources */,
				8E63A675261FE1010078BA4C /* 98.validate-binary-search-tree.swift in Sources */,
			);
			runOnlyForDeploymentPostprocessing = 0;
		};
/* End PBXSourcesBuildPhase section */

/* Begin XCBuildConfiguration section */
		8EB8A53B2617838E001408FD /* Debug */ = {
			isa = XCBuildConfiguration;
			buildSettings = {
				ALWAYS_SEARCH_USER_PATHS = NO;
				CLANG_ANALYZER_NONNULL = YES;
				CLANG_ANALYZER_NUMBER_OBJECT_CONVERSION = YES_AGGRESSIVE;
				CLANG_CXX_LANGUAGE_STANDARD = "gnu++14";
				CLANG_CXX_LIBRARY = "libc++";
				CLANG_ENABLE_MODULES = YES;
				CLANG_ENABLE_OBJC_ARC = YES;
				CLANG_ENABLE_OBJC_WEAK = YES;
				CLANG_WARN_BLOCK_CAPTURE_AUTORELEASING = YES;
				CLANG_WARN_BOOL_CONVERSION = YES;
				CLANG_WARN_COMMA = YES;
				CLANG_WARN_CONSTANT_CONVERSION = YES;
				CLANG_WARN_DEPRECATED_OBJC_IMPLEMENTATIONS = YES;
				CLANG_WARN_DIRECT_OBJC_ISA_USAGE = YES_ERROR;
				CLANG_WARN_DOCUMENTATION_COMMENTS = YES;
				CLANG_WARN_EMPTY_BODY = YES;
				CLANG_WARN_ENUM_CONVERSION = YES;
				CLANG_WARN_INFINITE_RECURSION = YES;
				CLANG_WARN_INT_CONVERSION = YES;
				CLANG_WARN_NON_LITERAL_NULL_CONVERSION = YES;
				CLANG_WARN_OBJC_IMPLICIT_RETAIN_SELF = YES;
				CLANG_WARN_OBJC_LITERAL_CONVERSION = YES;
				CLANG_WARN_OBJC_ROOT_CLASS = YES_ERROR;
				CLANG_WARN_QUOTED_INCLUDE_IN_FRAMEWORK_HEADER = YES;
				CLANG_WARN_RANGE_LOOP_ANALYSIS = YES;
				CLANG_WARN_STRICT_PROTOTYPES = YES;
				CLANG_WARN_SUSPICIOUS_MOVE = YES;
				CLANG_WARN_UNGUARDED_AVAILABILITY = YES_AGGRESSIVE;
				CLANG_WARN_UNREACHABLE_CODE = YES;
				CLANG_WARN__DUPLICATE_METHOD_MATCH = YES;
				COPY_PHASE_STRIP = NO;
				DEBUG_INFORMATION_FORMAT = dwarf;
				ENABLE_STRICT_OBJC_MSGSEND = YES;
				ENABLE_TESTABILITY = YES;
				GCC_C_LANGUAGE_STANDARD = gnu11;
				GCC_DYNAMIC_NO_PIC = NO;
				GCC_NO_COMMON_BLOCKS = YES;
				GCC_OPTIMIZATION_LEVEL = 0;
				GCC_PREPROCESSOR_DEFINITIONS = (
					"DEBUG=1",
					"$(inherited)",
				);
				GCC_WARN_64_TO_32_BIT_CONVERSION = YES;
				GCC_WARN_ABOUT_RETURN_TYPE = YES_ERROR;
				GCC_WARN_UNDECLARED_SELECTOR = YES;
				GCC_WARN_UNINITIALIZED_AUTOS = YES_AGGRESSIVE;
				GCC_WARN_UNUSED_FUNCTION = YES;
				GCC_WARN_UNUSED_VARIABLE = YES;
				MACOSX_DEPLOYMENT_TARGET = 11.1;
				MTL_ENABLE_DEBUG_INFO = INCLUDE_SOURCE;
				MTL_FAST_MATH = YES;
				ONLY_ACTIVE_ARCH = YES;
				SDKROOT = macosx;
				SWIFT_ACTIVE_COMPILATION_CONDITIONS = DEBUG;
				SWIFT_OPTIMIZATION_LEVEL = "-Onone";
			};
			name = Debug;
		};
		8EB8A53C2617838E001408FD /* Release */ = {
			isa = XCBuildConfiguration;
			buildSettings = {
				ALWAYS_SEARCH_USER_PATHS = NO;
				CLANG_ANALYZER_NONNULL = YES;
				CLANG_ANALYZER_NUMBER_OBJECT_CONVERSION = YES_AGGRESSIVE;
				CLANG_CXX_LANGUAGE_STANDARD = "gnu++14";
				CLANG_CXX_LIBRARY = "libc++";
				CLANG_ENABLE_MODULES = YES;
				CLANG_ENABLE_OBJC_ARC = YES;
				CLANG_ENABLE_OBJC_WEAK = YES;
				CLANG_WARN_BLOCK_CAPTURE_AUTORELEASING = YES;
				CLANG_WARN_BOOL_CONVERSION = YES;
				CLANG_WARN_COMMA = YES;
				CLANG_WARN_CONSTANT_CONVERSION = YES;
				CLANG_WARN_DEPRECATED_OBJC_IMPLEMENTATIONS = YES;
				CLANG_WARN_DIRECT_OBJC_ISA_USAGE = YES_ERROR;
				CLANG_WARN_DOCUMENTATION_COMMENTS = YES;
				CLANG_WARN_EMPTY_BODY = YES;
				CLANG_WARN_ENUM_CONVERSION = YES;
				CLANG_WARN_INFINITE_RECURSION = YES;
				CLANG_WARN_INT_CONVERSION = YES;
				CLANG_WARN_NON_LITERAL_NULL_CONVERSION = YES;
				CLANG_WARN_OBJC_IMPLICIT_RETAIN_SELF = YES;
				CLANG_WARN_OBJC_LITERAL_CONVERSION = YES;
				CLANG_WARN_OBJC_ROOT_CLASS = YES_ERROR;
				CLANG_WARN_QUOTED_INCLUDE_IN_FRAMEWORK_HEADER = YES;
				CLANG_WARN_RANGE_LOOP_ANALYSIS = YES;
				CLANG_WARN_STRICT_PROTOTYPES = YES;
				CLANG_WARN_SUSPICIOUS_MOVE = YES;
				CLANG_WARN_UNGUARDED_AVAILABILITY = YES_AGGRESSIVE;
				CLANG_WARN_UNREACHABLE_CODE = YES;
				CLANG_WARN__DUPLICATE_METHOD_MATCH = YES;
				COPY_PHASE_STRIP = NO;
				DEBUG_INFORMATION_FORMAT = "dwarf-with-dsym";
				ENABLE_NS_ASSERTIONS = NO;
				ENABLE_STRICT_OBJC_MSGSEND = YES;
				GCC_C_LANGUAGE_STANDARD = gnu11;
				GCC_NO_COMMON_BLOCKS = YES;
				GCC_WARN_64_TO_32_BIT_CONVERSION = YES;
				GCC_WARN_ABOUT_RETURN_TYPE = YES_ERROR;
				GCC_WARN_UNDECLARED_SELECTOR = YES;
				GCC_WARN_UNINITIALIZED_AUTOS = YES_AGGRESSIVE;
				GCC_WARN_UNUSED_FUNCTION = YES;
				GCC_WARN_UNUSED_VARIABLE = YES;
				MACOSX_DEPLOYMENT_TARGET = 11.1;
				MTL_ENABLE_DEBUG_INFO = NO;
				MTL_FAST_MATH = YES;
				SDKROOT = macosx;
				SWIFT_COMPILATION_MODE = wholemodule;
				SWIFT_OPTIMIZATION_LEVEL = "-O";
			};
			name = Release;
		};
		8EB8A53E2617838E001408FD /* Debug */ = {
			isa = XCBuildConfiguration;
			buildSettings = {
				CODE_SIGN_STYLE = Automatic;
				DEVELOPMENT_TEAM = Y9HC84GS47;
				ENABLE_HARDENED_RUNTIME = YES;
				PRODUCT_NAME = "$(TARGET_NAME)";
				SWIFT_VERSION = 5.0;
			};
			name = Debug;
		};
		8EB8A53F2617838E001408FD /* Release */ = {
			isa = XCBuildConfiguration;
			buildSettings = {
				CODE_SIGN_STYLE = Automatic;
				DEVELOPMENT_TEAM = Y9HC84GS47;
				ENABLE_HARDENED_RUNTIME = YES;
				PRODUCT_NAME = "$(TARGET_NAME)";
				SWIFT_VERSION = 5.0;
			};
			name = Release;
		};
/* End XCBuildConfiguration section */

/* Begin XCConfigurationList section */
		8EB8A5312617838E001408FD /* Build configuration list for PBXProject "Leetcode-Swift" */ = {
			isa = XCConfigurationList;
			buildConfigurations = (
				8EB8A53B2617838E001408FD /* Debug */,
				8EB8A53C2617838E001408FD /* Release */,
			);
			defaultConfigurationIsVisible = 0;
			defaultConfigurationName = Release;
		};
		8EB8A53D2617838E001408FD /* Build configuration list for PBXNativeTarget "Leetcode-Swift" */ = {
			isa = XCConfigurationList;
			buildConfigurations = (
				8EB8A53E2617838E001408FD /* Debug */,
				8EB8A53F2617838E001408FD /* Release */,
			);
			defaultConfigurationIsVisible = 0;
			defaultConfigurationName = Release;
		};
/* End XCConfigurationList section */
	};
	rootObject = 8EB8A52E2617838E001408FD /* Project object */;
}
